// !$*UTF8*$!
{
	archiveVersion = 1;
	classes = {
	};
	objectVersion = 50;
	objects = {

/* Begin PBXBuildFile section */
		CF2C1E8B210C624F006296C2 /* main.cpp in Sources */ = {isa = PBXBuildFile; fileRef = CF2C1E8A210C624F006296C2 /* main.cpp */; };
		CFBF9BE1210C76B500C2F4B6 /* 3_AutoSample.cpp in Sources */ = {isa = PBXBuildFile; fileRef = CFBF9BE0210C76B500C2F4B6 /* 3_AutoSample.cpp */; };
		CFBF9BE3210C778000C2F4B6 /* 2_CinString.cpp in Sources */ = {isa = PBXBuildFile; fileRef = CFBF9BE2210C778000C2F4B6 /* 2_CinString.cpp */; };
		CFBF9BE5210C7A0A00C2F4B6 /* HelloOOP.cpp in Sources */ = {isa = PBXBuildFile; fileRef = CFBF9BE4210C7A0A00C2F4B6 /* HelloOOP.cpp */; };
		CFBF9BE8210EF12E00C2F4B6 /* 4_NewDeleteSample.cpp in Sources */ = {isa = PBXBuildFile; fileRef = CFBF9BE7210EF12E00C2F4B6 /* 4_NewDeleteSample.cpp */; };
		CFBF9BEB210F067B00C2F4B6 /* 5_ReferenceType.cpp in Sources */ = {isa = PBXBuildFile; fileRef = CFBF9BEA210F067B00C2F4B6 /* 5_ReferenceType.cpp */; };
		CFBF9BED210F09F300C2F4B6 /* 6_CallByReference.cpp in Sources */ = {isa = PBXBuildFile; fileRef = CFBF9BEC210F09F300C2F4B6 /* 6_CallByReference.cpp */; };
		CFBF9BEF210F0DA600C2F4B6 /* 7_ReferenceSwap.cpp in Sources */ = {isa = PBXBuildFile; fileRef = CFBF9BEE210F0DA600C2F4B6 /* 7_ReferenceSwap.cpp */; };
		CFBF9BF2210F0EB400C2F4B6 /* 1_main_chapter1.cpp in Sources */ = {isa = PBXBuildFile; fileRef = CFBF9BF0210F0EB400C2F4B6 /* 1_main_chapter1.cpp */; };
		CFBF9BF4210F287500C2F4B6 /* 8_RvalueSample.cpp in Sources */ = {isa = PBXBuildFile; fileRef = CFBF9BF3210F287500C2F4B6 /* 8_RvalueSample.cpp */; };
		CFBF9BF6210F2CD200C2F4B6 /* 9_RangeBasedfor.cpp in Sources */ = {isa = PBXBuildFile; fileRef = CFBF9BF5210F2CD200C2F4B6 /* 9_RangeBasedfor.cpp */; };
		CFBF9BF92111529E00C2F4B6 /* 1_main_chapter2.cpp in Sources */ = {isa = PBXBuildFile; fileRef = CFBF9BF82111529E00C2F4B6 /* 1_main_chapter2.cpp */; };
		CFBF9BFC2111AC7B00C2F4B6 /* 2_DefaultParam.cpp in Sources */ = {isa = PBXBuildFile; fileRef = CFBF9BFB2111AC7B00C2F4B6 /* 2_DefaultParam.cpp */; };
		CFBF9BFF2111B56F00C2F4B6 /* 3_DefaultParam2.cpp in Sources */ = {isa = PBXBuildFile; fileRef = CFBF9BFE2111B56F00C2F4B6 /* 3_DefaultParam2.cpp */; };
		CFBF9C012112A4DB00C2F4B6 /* 4_FunckPoly.cpp in Sources */ = {isa = PBXBuildFile; fileRef = CFBF9C002112A4DB00C2F4B6 /* 4_FunckPoly.cpp */; };
		CFBF9C032112BD7800C2F4B6 /* 5_FuncAmbiguity.cpp in Sources */ = {isa = PBXBuildFile; fileRef = CFBF9C022112BD7800C2F4B6 /* 5_FuncAmbiguity.cpp */; };
		CFBF9C052112C09500C2F4B6 /* 6_FuncTemplate1.cpp in Sources */ = {isa = PBXBuildFile; fileRef = CFBF9C042112C09500C2F4B6 /* 6_FuncTemplate1.cpp */; };
		CFBF9C072112C48B00C2F4B6 /* 7_FuncTemplate2.cpp in Sources */ = {isa = PBXBuildFile; fileRef = CFBF9C062112C48B00C2F4B6 /* 7_FuncTemplate2.cpp */; };
/* End PBXBuildFile section */

/* Begin PBXCopyFilesBuildPhase section */
		CF2C1E85210C624F006296C2 /* CopyFiles */ = {
			isa = PBXCopyFilesBuildPhase;
			buildActionMask = 2147483647;
			dstPath = /usr/share/man/man1/;
			dstSubfolderSpec = 0;
			files = (
			);
			runOnlyForDeploymentPostprocessing = 1;
		};
/* End PBXCopyFilesBuildPhase section */

/* Begin PBXFileReference section */
		CF2C1E87210C624F006296C2 /* HelloCpp */ = {isa = PBXFileReference; explicitFileType = "compiled.mach-o.executable"; includeInIndex = 0; path = HelloCpp; sourceTree = BUILT_PRODUCTS_DIR; };
		CF2C1E8A210C624F006296C2 /* main.cpp */ = {isa = PBXFileReference; lastKnownFileType = sourcecode.cpp.cpp; path = main.cpp; sourceTree = "<group>"; };
		CFBF9BE0210C76B500C2F4B6 /* 3_AutoSample.cpp */ = {isa = PBXFileReference; lastKnownFileType = sourcecode.cpp.cpp; path = 3_AutoSample.cpp; sourceTree = "<group>"; };
		CFBF9BE2210C778000C2F4B6 /* 2_CinString.cpp */ = {isa = PBXFileReference; lastKnownFileType = sourcecode.cpp.cpp; path = 2_CinString.cpp; sourceTree = "<group>"; };
		CFBF9BE4210C7A0A00C2F4B6 /* HelloOOP.cpp */ = {isa = PBXFileReference; lastKnownFileType = sourcecode.cpp.cpp; path = HelloOOP.cpp; sourceTree = "<group>"; };
		CFBF9BE7210EF12E00C2F4B6 /* 4_NewDeleteSample.cpp */ = {isa = PBXFileReference; lastKnownFileType = sourcecode.cpp.cpp; path = 4_NewDeleteSample.cpp; sourceTree = "<group>"; };
		CFBF9BEA210F067B00C2F4B6 /* 5_ReferenceType.cpp */ = {isa = PBXFileReference; lastKnownFileType = sourcecode.cpp.cpp; path = 5_ReferenceType.cpp; sourceTree = "<group>"; };
		CFBF9BEC210F09F300C2F4B6 /* 6_CallByReference.cpp */ = {isa = PBXFileReference; lastKnownFileType = sourcecode.cpp.cpp; path = 6_CallByReference.cpp; sourceTree = "<group>"; };
		CFBF9BEE210F0DA600C2F4B6 /* 7_ReferenceSwap.cpp */ = {isa = PBXFileReference; lastKnownFileType = sourcecode.cpp.cpp; path = 7_ReferenceSwap.cpp; sourceTree = "<group>"; };
		CFBF9BF0210F0EB400C2F4B6 /* 1_main_chapter1.cpp */ = {isa = PBXFileReference; lastKnownFileType = sourcecode.cpp.cpp; path = 1_main_chapter1.cpp; sourceTree = "<group>"; };
		CFBF9BF3210F287500C2F4B6 /* 8_RvalueSample.cpp */ = {isa = PBXFileReference; lastKnownFileType = sourcecode.cpp.cpp; path = 8_RvalueSample.cpp; sourceTree = "<group>"; };
		CFBF9BF5210F2CD200C2F4B6 /* 9_RangeBasedfor.cpp */ = {isa = PBXFileReference; lastKnownFileType = sourcecode.cpp.cpp; path = 9_RangeBasedfor.cpp; sourceTree = "<group>"; };
		CFBF9BF82111529E00C2F4B6 /* 1_main_chapter2.cpp */ = {isa = PBXFileReference; lastKnownFileType = sourcecode.cpp.cpp; path = 1_main_chapter2.cpp; sourceTree = "<group>"; };
		CFBF9BFB2111AC7B00C2F4B6 /* 2_DefaultParam.cpp */ = {isa = PBXFileReference; lastKnownFileType = sourcecode.cpp.cpp; path = 2_DefaultParam.cpp; sourceTree = "<group>"; };
		CFBF9BFD2111ADD800C2F4B6 /* 0_2장 유튜브 정리.rtfd */ = {isa = PBXFileReference; lastKnownFileType = wrapper.rtfd; path = "0_2장 유튜브 정리.rtfd"; sourceTree = "<group>"; };
		CFBF9BFE2111B56F00C2F4B6 /* 3_DefaultParam2.cpp */ = {isa = PBXFileReference; lastKnownFileType = sourcecode.cpp.cpp; path = 3_DefaultParam2.cpp; sourceTree = "<group>"; };
		CFBF9C002112A4DB00C2F4B6 /* 4_FunckPoly.cpp */ = {isa = PBXFileReference; lastKnownFileType = sourcecode.cpp.cpp; path = 4_FunckPoly.cpp; sourceTree = "<group>"; };
		CFBF9C022112BD7800C2F4B6 /* 5_FuncAmbiguity.cpp */ = {isa = PBXFileReference; lastKnownFileType = sourcecode.cpp.cpp; path = 5_FuncAmbiguity.cpp; sourceTree = "<group>"; };
		CFBF9C042112C09500C2F4B6 /* 6_FuncTemplate1.cpp */ = {isa = PBXFileReference; lastKnownFileType = sourcecode.cpp.cpp; path = 6_FuncTemplate1.cpp; sourceTree = "<group>"; };
		CFBF9C062112C48B00C2F4B6 /* 7_FuncTemplate2.cpp */ = {isa = PBXFileReference; lastKnownFileType = sourcecode.cpp.cpp; path = 7_FuncTemplate2.cpp; sourceTree = "<group>"; };
		CFBF9C082112EF1F00C2F4B6 /* 0_독하게 C 15,16,17장.rtfd */ = {isa = PBXFileReference; lastKnownFileType = wrapper.rtfd; path = "0_독하게 C 15,16,17장.rtfd"; sourceTree = "<group>"; };
/* End PBXFileReference section */

/* Begin PBXFrameworksBuildPhase section */
		CF2C1E84210C624F006296C2 /* Frameworks */ = {
			isa = PBXFrameworksBuildPhase;
			buildActionMask = 2147483647;
			files = (
			);
			runOnlyForDeploymentPostprocessing = 0;
		};
/* End PBXFrameworksBuildPhase section */

/* Begin PBXGroup section */
		CF2C1E7E210C624E006296C2 = {
			isa = PBXGroup;
			children = (
				CF2C1E89210C624F006296C2 /* HelloCpp */,
				CF2C1E88210C624F006296C2 /* Products */,
			);
			sourceTree = "<group>";
		};
		CF2C1E88210C624F006296C2 /* Products */ = {
			isa = PBXGroup;
			children = (
				CF2C1E87210C624F006296C2 /* HelloCpp */,
			);
			name = Products;
			sourceTree = "<group>";
		};
		CF2C1E89210C624F006296C2 /* HelloCpp */ = {
			isa = PBXGroup;
			children = (
				CFBF9BE6210EF0C000C2F4B6 /* chapter1 */,
				CFBF9BF7211151F000C2F4B6 /* chapter2 */,
				CFBF9BE9210F042900C2F4B6 /* chapter3 */,
				CF2C1E8A210C624F006296C2 /* main.cpp */,
			);
			path = HelloCpp;
			sourceTree = "<group>";
		};
		CFBF9BE6210EF0C000C2F4B6 /* chapter1 */ = {
			isa = PBXGroup;
			children = (
				CFBF9BF0210F0EB400C2F4B6 /* 1_main_chapter1.cpp */,
				CFBF9BE2210C778000C2F4B6 /* 2_CinString.cpp */,
				CFBF9BE0210C76B500C2F4B6 /* 3_AutoSample.cpp */,
				CFBF9BE7210EF12E00C2F4B6 /* 4_NewDeleteSample.cpp */,
				CFBF9BEA210F067B00C2F4B6 /* 5_ReferenceType.cpp */,
				CFBF9BEC210F09F300C2F4B6 /* 6_CallByReference.cpp */,
				CFBF9BEE210F0DA600C2F4B6 /* 7_ReferenceSwap.cpp */,
				CFBF9BF3210F287500C2F4B6 /* 8_RvalueSample.cpp */,
				CFBF9BF5210F2CD200C2F4B6 /* 9_RangeBasedfor.cpp */,
			);
			path = chapter1;
			sourceTree = "<group>";
		};
		CFBF9BE9210F042900C2F4B6 /* chapter3 */ = {
			isa = PBXGroup;
			children = (
				CFBF9BE4210C7A0A00C2F4B6 /* HelloOOP.cpp */,
			);
			path = chapter3;
			sourceTree = "<group>";
		};
		CFBF9BF7211151F000C2F4B6 /* chapter2 */ = {
			isa = PBXGroup;
			children = (
				CFBF9BFD2111ADD800C2F4B6 /* 0_2장 유튜브 정리.rtfd */,
				CFBF9C082112EF1F00C2F4B6 /* 0_독하게 C 15,16,17장.rtfd */,
				CFBF9BF82111529E00C2F4B6 /* 1_main_chapter2.cpp */,
				CFBF9BFB2111AC7B00C2F4B6 /* 2_DefaultParam.cpp */,
				CFBF9BFE2111B56F00C2F4B6 /* 3_DefaultParam2.cpp */,
				CFBF9C002112A4DB00C2F4B6 /* 4_FunckPoly.cpp */,
				CFBF9C022112BD7800C2F4B6 /* 5_FuncAmbiguity.cpp */,
				CFBF9C042112C09500C2F4B6 /* 6_FuncTemplate1.cpp */,
				CFBF9C062112C48B00C2F4B6 /* 7_FuncTemplate2.cpp */,
			);
			path = chapter2;
			sourceTree = "<group>";
		};
/* End PBXGroup section */

/* Begin PBXNativeTarget section */
		CF2C1E86210C624F006296C2 /* HelloCpp */ = {
			isa = PBXNativeTarget;
			buildConfigurationList = CF2C1E8E210C624F006296C2 /* Build configuration list for PBXNativeTarget "HelloCpp" */;
			buildPhases = (
				CF2C1E83210C624F006296C2 /* Sources */,
				CF2C1E84210C624F006296C2 /* Frameworks */,
				CF2C1E85210C624F006296C2 /* CopyFiles */,
			);
			buildRules = (
			);
			dependencies = (
			);
			name = HelloCpp;
			productName = HelloCpp;
			productReference = CF2C1E87210C624F006296C2 /* HelloCpp */;
			productType = "com.apple.product-type.tool";
		};
/* End PBXNativeTarget section */

/* Begin PBXProject section */
		CF2C1E7F210C624E006296C2 /* Project object */ = {
			isa = PBXProject;
			attributes = {
				LastUpgradeCheck = 0940;
				ORGANIZATIONNAME = "CJ KIM";
				TargetAttributes = {
					CF2C1E86210C624F006296C2 = {
						CreatedOnToolsVersion = 9.4.1;
					};
				};
			};
			buildConfigurationList = CF2C1E82210C624E006296C2 /* Build configuration list for PBXProject "HelloCpp" */;
			compatibilityVersion = "Xcode 9.3";
			developmentRegion = en;
			hasScannedForEncodings = 0;
			knownRegions = (
				en,
			);
			mainGroup = CF2C1E7E210C624E006296C2;
			productRefGroup = CF2C1E88210C624F006296C2 /* Products */;
			projectDirPath = "";
			projectRoot = "";
			targets = (
				CF2C1E86210C624F006296C2 /* HelloCpp */,
			);
		};
/* End PBXProject section */

/* Begin PBXSourcesBuildPhase section */
		CF2C1E83210C624F006296C2 /* Sources */ = {
			isa = PBXSourcesBuildPhase;
			buildActionMask = 2147483647;
			files = (
				CFBF9BE3210C778000C2F4B6 /* 2_CinString.cpp in Sources */,
				CFBF9BE8210EF12E00C2F4B6 /* 4_NewDeleteSample.cpp in Sources */,
				CFBF9BFF2111B56F00C2F4B6 /* 3_DefaultParam2.cpp in Sources */,
				CFBF9BF6210F2CD200C2F4B6 /* 9_RangeBasedfor.cpp in Sources */,
				CFBF9BF2210F0EB400C2F4B6 /* 1_main_chapter1.cpp in Sources */,
				CFBF9BE1210C76B500C2F4B6 /* 3_AutoSample.cpp in Sources */,
				CFBF9BEB210F067B00C2F4B6 /* 5_ReferenceType.cpp in Sources */,
				CFBF9BEF210F0DA600C2F4B6 /* 7_ReferenceSwap.cpp in Sources */,
				CFBF9C072112C48B00C2F4B6 /* 7_FuncTemplate2.cpp in Sources */,
				CFBF9BF4210F287500C2F4B6 /* 8_RvalueSample.cpp in Sources */,
				CFBF9BF92111529E00C2F4B6 /* 1_main_chapter2.cpp in Sources */,
				CFBF9BED210F09F300C2F4B6 /* 6_CallByReference.cpp in Sources */,
				CFBF9C052112C09500C2F4B6 /* 6_FuncTemplate1.cpp in Sources */,
				CF2C1E8B210C624F006296C2 /* main.cpp in Sources */,
				CFBF9C012112A4DB00C2F4B6 /* 4_FunckPoly.cpp in Sources */,
				CFBF9BE5210C7A0A00C2F4B6 /* HelloOOP.cpp in Sources */,
				CFBF9BFC2111AC7B00C2F4B6 /* 2_DefaultParam.cpp in Sources */,
				CFBF9C032112BD7800C2F4B6 /* 5_FuncAmbiguity.cpp in Sources */,
			);
			runOnlyForDeploymentPostprocessing = 0;
		};
/* End PBXSourcesBuildPhase section */

/* Begin XCBuildConfiguration section */
		CF2C1E8C210C624F006296C2 /* Debug */ = {
			isa = XCBuildConfiguration;
			buildSettings = {
				ALWAYS_SEARCH_USER_PATHS = NO;
				CLANG_ANALYZER_NONNULL = YES;
				CLANG_ANALYZER_NUMBER_OBJECT_CONVERSION = YES_AGGRESSIVE;
				CLANG_CXX_LANGUAGE_STANDARD = "gnu++14";
				CLANG_CXX_LIBRARY = "libc++";
				CLANG_ENABLE_MODULES = YES;
				CLANG_ENABLE_OBJC_ARC = YES;
				CLANG_ENABLE_OBJC_WEAK = YES;
				CLANG_WARN_BLOCK_CAPTURE_AUTORELEASING = YES;
				CLANG_WARN_BOOL_CONVERSION = YES;
				CLANG_WARN_COMMA = YES;
				CLANG_WARN_CONSTANT_CONVERSION = YES;
				CLANG_WARN_DEPRECATED_OBJC_IMPLEMENTATIONS = YES;
				CLANG_WARN_DIRECT_OBJC_ISA_USAGE = YES_ERROR;
				CLANG_WARN_DOCUMENTATION_COMMENTS = YES;
				CLANG_WARN_EMPTY_BODY = YES;
				CLANG_WARN_ENUM_CONVERSION = YES;
				CLANG_WARN_INFINITE_RECURSION = YES;
				CLANG_WARN_INT_CONVERSION = YES;
				CLANG_WARN_NON_LITERAL_NULL_CONVERSION = YES;
				CLANG_WARN_OBJC_IMPLICIT_RETAIN_SELF = YES;
				CLANG_WARN_OBJC_LITERAL_CONVERSION = YES;
				CLANG_WARN_OBJC_ROOT_CLASS = YES_ERROR;
				CLANG_WARN_RANGE_LOOP_ANALYSIS = YES;
				CLANG_WARN_STRICT_PROTOTYPES = YES;
				CLANG_WARN_SUSPICIOUS_MOVE = YES;
				CLANG_WARN_UNGUARDED_AVAILABILITY = YES_AGGRESSIVE;
				CLANG_WARN_UNREACHABLE_CODE = YES;
				CLANG_WARN__DUPLICATE_METHOD_MATCH = YES;
				CODE_SIGN_IDENTITY = "-";
				COPY_PHASE_STRIP = NO;
				DEBUG_INFORMATION_FORMAT = dwarf;
				ENABLE_STRICT_OBJC_MSGSEND = YES;
				ENABLE_TESTABILITY = YES;
				GCC_C_LANGUAGE_STANDARD = gnu11;
				GCC_DYNAMIC_NO_PIC = NO;
				GCC_NO_COMMON_BLOCKS = YES;
				GCC_OPTIMIZATION_LEVEL = 0;
				GCC_PREPROCESSOR_DEFINITIONS = (
					"DEBUG=1",
					"$(inherited)",
				);
				GCC_WARN_64_TO_32_BIT_CONVERSION = YES;
				GCC_WARN_ABOUT_RETURN_TYPE = YES_ERROR;
				GCC_WARN_UNDECLARED_SELECTOR = YES;
				GCC_WARN_UNINITIALIZED_AUTOS = YES_AGGRESSIVE;
				GCC_WARN_UNUSED_FUNCTION = YES;
				GCC_WARN_UNUSED_VARIABLE = YES;
				MACOSX_DEPLOYMENT_TARGET = 10.13;
				MTL_ENABLE_DEBUG_INFO = YES;
				ONLY_ACTIVE_ARCH = YES;
				SDKROOT = macosx;
			};
			name = Debug;
		};
		CF2C1E8D210C624F006296C2 /* Release */ = {
			isa = XCBuildConfiguration;
			buildSettings = {
				ALWAYS_SEARCH_USER_PATHS = NO;
				CLANG_ANALYZER_NONNULL = YES;
				CLANG_ANALYZER_NUMBER_OBJECT_CONVERSION = YES_AGGRESSIVE;
				CLANG_CXX_LANGUAGE_STANDARD = "gnu++14";
				CLANG_CXX_LIBRARY = "libc++";
				CLANG_ENABLE_MODULES = YES;
				CLANG_ENABLE_OBJC_ARC = YES;
				CLANG_ENABLE_OBJC_WEAK = YES;
				CLANG_WARN_BLOCK_CAPTURE_AUTORELEASING = YES;
				CLANG_WARN_BOOL_CONVERSION = YES;
				CLANG_WARN_COMMA = YES;
				CLANG_WARN_CONSTANT_CONVERSION = YES;
				CLANG_WARN_DEPRECATED_OBJC_IMPLEMENTATIONS = YES;
				CLANG_WARN_DIRECT_OBJC_ISA_USAGE = YES_ERROR;
				CLANG_WARN_DOCUMENTATION_COMMENTS = YES;
				CLANG_WARN_EMPTY_BODY = YES;
				CLANG_WARN_ENUM_CONVERSION = YES;
				CLANG_WARN_INFINITE_RECURSION = YES;
				CLANG_WARN_INT_CONVERSION = YES;
				CLANG_WARN_NON_LITERAL_NULL_CONVERSION = YES;
				CLANG_WARN_OBJC_IMPLICIT_RETAIN_SELF = YES;
				CLANG_WARN_OBJC_LITERAL_CONVERSION = YES;
				CLANG_WARN_OBJC_ROOT_CLASS = YES_ERROR;
				CLANG_WARN_RANGE_LOOP_ANALYSIS = YES;
				CLANG_WARN_STRICT_PROTOTYPES = YES;
				CLANG_WARN_SUSPICIOUS_MOVE = YES;
				CLANG_WARN_UNGUARDED_AVAILABILITY = YES_AGGRESSIVE;
				CLANG_WARN_UNREACHABLE_CODE = YES;
				CLANG_WARN__DUPLICATE_METHOD_MATCH = YES;
				CODE_SIGN_IDENTITY = "-";
				COPY_PHASE_STRIP = NO;
				DEBUG_INFORMATION_FORMAT = "dwarf-with-dsym";
				ENABLE_NS_ASSERTIONS = NO;
				ENABLE_STRICT_OBJC_MSGSEND = YES;
				GCC_C_LANGUAGE_STANDARD = gnu11;
				GCC_NO_COMMON_BLOCKS = YES;
				GCC_WARN_64_TO_32_BIT_CONVERSION = YES;
				GCC_WARN_ABOUT_RETURN_TYPE = YES_ERROR;
				GCC_WARN_UNDECLARED_SELECTOR = YES;
				GCC_WARN_UNINITIALIZED_AUTOS = YES_AGGRESSIVE;
				GCC_WARN_UNUSED_FUNCTION = YES;
				GCC_WARN_UNUSED_VARIABLE = YES;
				MACOSX_DEPLOYMENT_TARGET = 10.13;
				MTL_ENABLE_DEBUG_INFO = NO;
				SDKROOT = macosx;
			};
			name = Release;
		};
		CF2C1E8F210C624F006296C2 /* Debug */ = {
			isa = XCBuildConfiguration;
			buildSettings = {
				CODE_SIGN_STYLE = Automatic;
				PRODUCT_NAME = "$(TARGET_NAME)";
			};
			name = Debug;
		};
		CF2C1E90210C624F006296C2 /* Release */ = {
			isa = XCBuildConfiguration;
			buildSettings = {
				CODE_SIGN_STYLE = Automatic;
				PRODUCT_NAME = "$(TARGET_NAME)";
			};
			name = Release;
		};
/* End XCBuildConfiguration section */

/* Begin XCConfigurationList section */
		CF2C1E82210C624E006296C2 /* Build configuration list for PBXProject "HelloCpp" */ = {
			isa = XCConfigurationList;
			buildConfigurations = (
				CF2C1E8C210C624F006296C2 /* Debug */,
				CF2C1E8D210C624F006296C2 /* Release */,
			);
			defaultConfigurationIsVisible = 0;
			defaultConfigurationName = Release;
		};
		CF2C1E8E210C624F006296C2 /* Build configuration list for PBXNativeTarget "HelloCpp" */ = {
			isa = XCConfigurationList;
			buildConfigurations = (
				CF2C1E8F210C624F006296C2 /* Debug */,
				CF2C1E90210C624F006296C2 /* Release */,
			);
			defaultConfigurationIsVisible = 0;
			defaultConfigurationName = Release;
		};
/* End XCConfigurationList section */
	};
	rootObject = CF2C1E7F210C624E006296C2 /* Project object */;
}
